// !$*UTF8*$!
{
	archiveVersion = 1;
	classes = {
	};
	objectVersion = 70;
	objects = {

/* Begin PBXBuildFile section */
		EA7DFB1E2E779BCF008FBD3A /* SwiftiesAppApp.swift in Sources */ = {isa = PBXBuildFile; fileRef = EA7DFB1D2E779BCF008FBD3A /* SwiftiesAppApp.swift */; };
		EA7DFB202E779BCF008FBD3A /* ContentView.swift in Sources */ = {isa = PBXBuildFile; fileRef = EA7DFB1F2E779BCF008FBD3A /* ContentView.swift */; };
		EA7DFB222E779BD1008FBD3A /* Assets.xcassets in Resources */ = {isa = PBXBuildFile; fileRef = EA7DFB212E779BD1008FBD3A /* Assets.xcassets */; };
		EA7DFB262E779BD1008FBD3A /* Preview Assets.xcassets in Resources */ = {isa = PBXBuildFile; fileRef = EA7DFB252E779BD1008FBD3A /* Preview Assets.xcassets */; };
		EA7DFB302E779BD1008FBD3A /* SwiftiesAppTests.swift in Sources */ = {isa = PBXBuildFile; fileRef = EA7DFB2F2E779BD1008FBD3A /* SwiftiesAppTests.swift */; };
		EA7DFB3A2E779BD1008FBD3A /* SwiftiesAppUITests.swift in Sources */ = {isa = PBXBuildFile; fileRef = EA7DFB392E779BD1008FBD3A /* SwiftiesAppUITests.swift */; };
		EA7DFB3C2E779BD1008FBD3A /* SwiftiesAppUITestsLaunchTests.swift in Sources */ = {isa = PBXBuildFile; fileRef = EA7DFB3B2E779BD1008FBD3A /* SwiftiesAppUITestsLaunchTests.swift */; };
/* End PBXBuildFile section */

/* Begin PBXContainerItemProxy section */
		EA7DFB2C2E779BD1008FBD3A /* PBXContainerItemProxy */ = {
			isa = PBXContainerItemProxy;
			containerPortal = EA7DFB122E779BCF008FBD3A /* Project object */;
			proxyType = 1;
			remoteGlobalIDString = EA7DFB192E779BCF008FBD3A;
			remoteInfo = SwiftiesApp;
		};
		EA7DFB362E779BD1008FBD3A /* PBXContainerItemProxy */ = {
			isa = PBXContainerItemProxy;
			containerPortal = EA7DFB122E779BCF008FBD3A /* Project object */;
			proxyType = 1;
			remoteGlobalIDString = EA7DFB192E779BCF008FBD3A;
			remoteInfo = SwiftiesApp;
		};
/* End PBXContainerItemProxy section */

/* Begin PBXFileReference section */
		EA7DFB1A2E779BCF008FBD3A /* SwiftiesApp.app */ = {isa = PBXFileReference; explicitFileType = wrapper.application; includeInIndex = 0; path = SwiftiesApp.app; sourceTree = BUILT_PRODUCTS_DIR; };
		EA7DFB1D2E779BCF008FBD3A /* SwiftiesAppApp.swift */ = {isa = PBXFileReference; lastKnownFileType = sourcecode.swift; path = SwiftiesAppApp.swift; sourceTree = "<group>"; };
		EA7DFB1F2E779BCF008FBD3A /* ContentView.swift */ = {isa = PBXFileReference; lastKnownFileType = sourcecode.swift; path = ContentView.swift; sourceTree = "<group>"; };
		EA7DFB212E779BD1008FBD3A /* Assets.xcassets */ = {isa = PBXFileReference; lastKnownFileType = folder.assetcatalog; path = Assets.xcassets; sourceTree = "<group>"; };
		EA7DFB232E779BD1008FBD3A /* SwiftiesApp.entitlements */ = {isa = PBXFileReference; lastKnownFileType = text.plist.entitlements; path = SwiftiesApp.entitlements; sourceTree = "<group>"; };
		EA7DFB252E779BD1008FBD3A /* Preview Assets.xcassets */ = {isa = PBXFileReference; lastKnownFileType = folder.assetcatalog; path = "Preview Assets.xcassets"; sourceTree = "<group>"; };
		EA7DFB2B2E779BD1008FBD3A /* SwiftiesAppTests.xctest */ = {isa = PBXFileReference; explicitFileType = wrapper.cfbundle; includeInIndex = 0; path = SwiftiesAppTests.xctest; sourceTree = BUILT_PRODUCTS_DIR; };
		EA7DFB2F2E779BD1008FBD3A /* SwiftiesAppTests.swift */ = {isa = PBXFileReference; lastKnownFileType = sourcecode.swift; path = SwiftiesAppTests.swift; sourceTree = "<group>"; };
		EA7DFB352E779BD1008FBD3A /* SwiftiesAppUITests.xctest */ = {isa = PBXFileReference; explicitFileType = wrapper.cfbundle; includeInIndex = 0; path = SwiftiesAppUITests.xctest; sourceTree = BUILT_PRODUCTS_DIR; };
		EA7DFB392E779BD1008FBD3A /* SwiftiesAppUITests.swift */ = {isa = PBXFileReference; lastKnownFileType = sourcecode.swift; path = SwiftiesAppUITests.swift; sourceTree = "<group>"; };
		EA7DFB3B2E779BD1008FBD3A /* SwiftiesAppUITestsLaunchTests.swift */ = {isa = PBXFileReference; lastKnownFileType = sourcecode.swift; path = SwiftiesAppUITestsLaunchTests.swift; sourceTree = "<group>"; };
/* End PBXFileReference section */

/* Begin PBXFileSystemSynchronizedRootGroup section */
		FE7E32EB2E7E932F0028BF93 /* Buttons */ = {isa = PBXFileSystemSynchronizedRootGroup; explicitFileTypes = {}; explicitFolders = (); path = Buttons; sourceTree = "<group>"; };
		FE7E32EF2E7E932F0028BF93 /* Profile */ = {isa = PBXFileSystemSynchronizedRootGroup; explicitFileTypes = {}; explicitFolders = (); path = Profile; sourceTree = "<group>"; };
		FE7E32F12E7E932F0028BF93 /* TabBar */ = {isa = PBXFileSystemSynchronizedRootGroup; explicitFileTypes = {}; explicitFolders = (); path = TabBar; sourceTree = "<group>"; };
		FE7E32F62E7E932F0028BF93 /* TopBar */ = {isa = PBXFileSystemSynchronizedRootGroup; explicitFileTypes = {}; explicitFolders = (); path = TopBar; sourceTree = "<group>"; };
/* End PBXFileSystemSynchronizedRootGroup section */

/* Begin PBXFrameworksBuildPhase section */
		EA7DFB172E779BCF008FBD3A /* Frameworks */ = {
			isa = PBXFrameworksBuildPhase;
			buildActionMask = 2147483647;
			files = (
			);
			runOnlyForDeploymentPostprocessing = 0;
		};
		EA7DFB282E779BD1008FBD3A /* Frameworks */ = {
			isa = PBXFrameworksBuildPhase;
			buildActionMask = 2147483647;
			files = (
			);
			runOnlyForDeploymentPostprocessing = 0;
		};
		EA7DFB322E779BD1008FBD3A /* Frameworks */ = {
			isa = PBXFrameworksBuildPhase;
			buildActionMask = 2147483647;
			files = (
			);
			runOnlyForDeploymentPostprocessing = 0;
		};
/* End PBXFrameworksBuildPhase section */

/* Begin PBXGroup section */
		EA7DFB112E779BCF008FBD3A = {
			isa = PBXGroup;
			children = (
				EA7DFB1C2E779BCF008FBD3A /* SwiftiesApp */,
				EA7DFB2E2E779BD1008FBD3A /* SwiftiesAppTests */,
				EA7DFB382E779BD1008FBD3A /* SwiftiesAppUITests */,
				EA7DFB1B2E779BCF008FBD3A /* Products */,
			);
			sourceTree = "<group>";
		};
		EA7DFB1B2E779BCF008FBD3A /* Products */ = {
			isa = PBXGroup;
			children = (
				EA7DFB1A2E779BCF008FBD3A /* SwiftiesApp.app */,
				EA7DFB2B2E779BD1008FBD3A /* SwiftiesAppTests.xctest */,
				EA7DFB352E779BD1008FBD3A /* SwiftiesAppUITests.xctest */,
			);
			name = Products;
			sourceTree = "<group>";
		};
		EA7DFB1C2E779BCF008FBD3A /* SwiftiesApp */ = {
			isa = PBXGroup;
			children = (
				EA94F3422E7E52E400EFD98E /* Components */,
				EA94F3412E7E52DB00EFD98E /* Screens */,
				EA7DFB1D2E779BCF008FBD3A /* SwiftiesAppApp.swift */,
				EA7DFB1F2E779BCF008FBD3A /* ContentView.swift */,
				EA7DFB212E779BD1008FBD3A /* Assets.xcassets */,
				EA7DFB232E779BD1008FBD3A /* SwiftiesApp.entitlements */,
				EA7DFB242E779BD1008FBD3A /* Preview Content */,
			);
			path = SwiftiesApp;
			sourceTree = "<group>";
		};
		EA7DFB242E779BD1008FBD3A /* Preview Content */ = {
			isa = PBXGroup;
			children = (
				EA7DFB252E779BD1008FBD3A /* Preview Assets.xcassets */,
			);
			path = "Preview Content";
			sourceTree = "<group>";
		};
		EA7DFB2E2E779BD1008FBD3A /* SwiftiesAppTests */ = {
			isa = PBXGroup;
			children = (
				EA7DFB2F2E779BD1008FBD3A /* SwiftiesAppTests.swift */,
			);
			path = SwiftiesAppTests;
			sourceTree = "<group>";
		};
		EA7DFB382E779BD1008FBD3A /* SwiftiesAppUITests */ = {
			isa = PBXGroup;
			children = (
				EA7DFB392E779BD1008FBD3A /* SwiftiesAppUITests.swift */,
				EA7DFB3B2E779BD1008FBD3A /* SwiftiesAppUITestsLaunchTests.swift */,
			);
			path = SwiftiesAppUITests;
			sourceTree = "<group>";
		};
		EA94F3412E7E52DB00EFD98E /* Screens */ = {
			isa = PBXGroup;
			children = (
			);
			path = Screens;
			sourceTree = "<group>";
		};
		EA94F3422E7E52E400EFD98E /* Components */ = {
			isa = PBXGroup;
			children = (
				FE7E32EB2E7E932F0028BF93 /* Buttons */,
				FE7E32EF2E7E932F0028BF93 /* Profile */,
				FE7E32F12E7E932F0028BF93 /* TabBar */,
				FE7E32F62E7E932F0028BF93 /* TopBar */,
			);
			path = Components;
			sourceTree = "<group>";
		};
/* End PBXGroup section */

/* Begin PBXNativeTarget section */
		EA7DFB192E779BCF008FBD3A /* SwiftiesApp */ = {
			isa = PBXNativeTarget;
			buildConfigurationList = EA7DFB3F2E779BD1008FBD3A /* Build configuration list for PBXNativeTarget "SwiftiesApp" */;
			buildPhases = (
				EA7DFB162E779BCF008FBD3A /* Sources */,
				EA7DFB172E779BCF008FBD3A /* Frameworks */,
				EA7DFB182E779BCF008FBD3A /* Resources */,
			);
			buildRules = (
			);
			dependencies = (
			);
			fileSystemSynchronizedGroups = (
				FE7E32EB2E7E932F0028BF93 /* Buttons */,
				FE7E32EF2E7E932F0028BF93 /* Profile */,
				FE7E32F12E7E932F0028BF93 /* TabBar */,
				FE7E32F62E7E932F0028BF93 /* TopBar */,
			);
			name = SwiftiesApp;
			productName = SwiftiesApp;
			productReference = EA7DFB1A2E779BCF008FBD3A /* SwiftiesApp.app */;
			productType = "com.apple.product-type.application";
		};
		EA7DFB2A2E779BD1008FBD3A /* SwiftiesAppTests */ = {
			isa = PBXNativeTarget;
			buildConfigurationList = EA7DFB422E779BD1008FBD3A /* Build configuration list for PBXNativeTarget "SwiftiesAppTests" */;
			buildPhases = (
				EA7DFB272E779BD1008FBD3A /* Sources */,
				EA7DFB282E779BD1008FBD3A /* Frameworks */,
				EA7DFB292E779BD1008FBD3A /* Resources */,
			);
			buildRules = (
			);
			dependencies = (
				EA7DFB2D2E779BD1008FBD3A /* PBXTargetDependency */,
			);
			name = SwiftiesAppTests;
			productName = SwiftiesAppTests;
			productReference = EA7DFB2B2E779BD1008FBD3A /* SwiftiesAppTests.xctest */;
			productType = "com.apple.product-type.bundle.unit-test";
		};
		EA7DFB342E779BD1008FBD3A /* SwiftiesAppUITests */ = {
			isa = PBXNativeTarget;
			buildConfigurationList = EA7DFB452E779BD1008FBD3A /* Build configuration list for PBXNativeTarget "SwiftiesAppUITests" */;
			buildPhases = (
				EA7DFB312E779BD1008FBD3A /* Sources */,
				EA7DFB322E779BD1008FBD3A /* Frameworks */,
				EA7DFB332E779BD1008FBD3A /* Resources */,
			);
			buildRules = (
			);
			dependencies = (
				EA7DFB372E779BD1008FBD3A /* PBXTargetDependency */,
			);
			name = SwiftiesAppUITests;
			productName = SwiftiesAppUITests;
			productReference = EA7DFB352E779BD1008FBD3A /* SwiftiesAppUITests.xctest */;
			productType = "com.apple.product-type.bundle.ui-testing";
		};
/* End PBXNativeTarget section */

/* Begin PBXProject section */
		EA7DFB122E779BCF008FBD3A /* Project object */ = {
			isa = PBXProject;
			attributes = {
				BuildIndependentTargetsInParallel = 1;
				LastSwiftUpdateCheck = 1540;
				LastUpgradeCheck = 1540;
				TargetAttributes = {
					EA7DFB192E779BCF008FBD3A = {
						CreatedOnToolsVersion = 15.4;
					};
					EA7DFB2A2E779BD1008FBD3A = {
						CreatedOnToolsVersion = 15.4;
						TestTargetID = EA7DFB192E779BCF008FBD3A;
					};
					EA7DFB342E779BD1008FBD3A = {
						CreatedOnToolsVersion = 15.4;
						TestTargetID = EA7DFB192E779BCF008FBD3A;
					};
				};
			};
			buildConfigurationList = EA7DFB152E779BCF008FBD3A /* Build configuration list for PBXProject "SwiftiesApp" */;
			compatibilityVersion = "Xcode 14.0";
			developmentRegion = en;
			hasScannedForEncodings = 0;
			knownRegions = (
				en,
				Base,
			);
			mainGroup = EA7DFB112E779BCF008FBD3A;
			productRefGroup = EA7DFB1B2E779BCF008FBD3A /* Products */;
			projectDirPath = "";
			projectRoot = "";
			targets = (
				EA7DFB192E779BCF008FBD3A /* SwiftiesApp */,
				EA7DFB2A2E779BD1008FBD3A /* SwiftiesAppTests */,
				EA7DFB342E779BD1008FBD3A /* SwiftiesAppUITests */,
			);
		};
/* End PBXProject section */

/* Begin PBXResourcesBuildPhase section */
		EA7DFB182E779BCF008FBD3A /* Resources */ = {
			isa = PBXResourcesBuildPhase;
			buildActionMask = 2147483647;
			files = (
				EA7DFB262E779BD1008FBD3A /* Preview Assets.xcassets in Resources */,
				EA7DFB222E779BD1008FBD3A /* Assets.xcassets in Resources */,
			);
			runOnlyForDeploymentPostprocessing = 0;
		};
		EA7DFB292E779BD1008FBD3A /* Resources */ = {
			isa = PBXResourcesBuildPhase;
			buildActionMask = 2147483647;
			files = (
			);
			runOnlyForDeploymentPostprocessing = 0;
		};
		EA7DFB332E779BD1008FBD3A /* Resources */ = {
			isa = PBXResourcesBuildPhase;
			buildActionMask = 2147483647;
			files = (
			);
			runOnlyForDeploymentPostprocessing = 0;
		};
/* End PBXResourcesBuildPhase section */

/* Begin PBXSourcesBuildPhase section */
		EA7DFB162E779BCF008FBD3A /* Sources */ = {
			isa = PBXSourcesBuildPhase;
			buildActionMask = 2147483647;
			files = (
				EA7DFB202E779BCF008FBD3A /* ContentView.swift in Sources */,
				EA7DFB1E2E779BCF008FBD3A /* SwiftiesAppApp.swift in Sources */,
			);
			runOnlyForDeploymentPostprocessing = 0;
		};
		EA7DFB272E779BD1008FBD3A /* Sources */ = {
			isa = PBXSourcesBuildPhase;
			buildActionMask = 2147483647;
			files = (
				EA7DFB302E779BD1008FBD3A /* SwiftiesAppTests.swift in Sources */,
			);
			runOnlyForDeploymentPostprocessing = 0;
		};
		EA7DFB312E779BD1008FBD3A /* Sources */ = {
			isa = PBXSourcesBuildPhase;
			buildActionMask = 2147483647;
			files = (
				EA7DFB3C2E779BD1008FBD3A /* SwiftiesAppUITestsLaunchTests.swift in Sources */,
				EA7DFB3A2E779BD1008FBD3A /* SwiftiesAppUITests.swift in Sources */,
			);
			runOnlyForDeploymentPostprocessing = 0;
		};
/* End PBXSourcesBuildPhase section */

/* Begin PBXTargetDependency section */
		EA7DFB2D2E779BD1008FBD3A /* PBXTargetDependency */ = {
			isa = PBXTargetDependency;
			target = EA7DFB192E779BCF008FBD3A /* SwiftiesApp */;
			targetProxy = EA7DFB2C2E779BD1008FBD3A /* PBXContainerItemProxy */;
		};
		EA7DFB372E779BD1008FBD3A /* PBXTargetDependency */ = {
			isa = PBXTargetDependency;
			target = EA7DFB192E779BCF008FBD3A /* SwiftiesApp */;
			targetProxy = EA7DFB362E779BD1008FBD3A /* PBXContainerItemProxy */;
		};
/* End PBXTargetDependency section */

/* Begin XCBuildConfiguration section */
		EA7DFB3D2E779BD1008FBD3A /* Debug */ = {
			isa = XCBuildConfiguration;
			buildSettings = {
				ALWAYS_SEARCH_USER_PATHS = NO;
				ASSETCATALOG_COMPILER_GENERATE_SWIFT_ASSET_SYMBOL_EXTENSIONS = YES;
				CLANG_ANALYZER_NONNULL = YES;
				CLANG_ANALYZER_NUMBER_OBJECT_CONVERSION = YES_AGGRESSIVE;
				CLANG_CXX_LANGUAGE_STANDARD = "gnu++20";
				CLANG_ENABLE_MODULES = YES;
				CLANG_ENABLE_OBJC_ARC = YES;
				CLANG_ENABLE_OBJC_WEAK = YES;
				CLANG_WARN_BLOCK_CAPTURE_AUTORELEASING = YES;
				CLANG_WARN_BOOL_CONVERSION = YES;
				CLANG_WARN_COMMA = YES;
				CLANG_WARN_CONSTANT_CONVERSION = YES;
				CLANG_WARN_DEPRECATED_OBJC_IMPLEMENTATIONS = YES;
				CLANG_WARN_DIRECT_OBJC_ISA_USAGE = YES_ERROR;
				CLANG_WARN_DOCUMENTATION_COMMENTS = YES;
				CLANG_WARN_EMPTY_BODY = YES;
				CLANG_WARN_ENUM_CONVERSION = YES;
				CLANG_WARN_INFINITE_RECURSION = YES;
				CLANG_WARN_INT_CONVERSION = YES;
				CLANG_WARN_NON_LITERAL_NULL_CONVERSION = YES;
				CLANG_WARN_OBJC_IMPLICIT_RETAIN_SELF = YES;
				CLANG_WARN_OBJC_LITERAL_CONVERSION = YES;
				CLANG_WARN_OBJC_ROOT_CLASS = YES_ERROR;
				CLANG_WARN_QUOTED_INCLUDE_IN_FRAMEWORK_HEADER = YES;
				CLANG_WARN_RANGE_LOOP_ANALYSIS = YES;
				CLANG_WARN_STRICT_PROTOTYPES = YES;
				CLANG_WARN_SUSPICIOUS_MOVE = YES;
				CLANG_WARN_UNGUARDED_AVAILABILITY = YES_AGGRESSIVE;
				CLANG_WARN_UNREACHABLE_CODE = YES;
				CLANG_WARN__DUPLICATE_METHOD_MATCH = YES;
				COPY_PHASE_STRIP = NO;
				DEBUG_INFORMATION_FORMAT = dwarf;
				ENABLE_STRICT_OBJC_MSGSEND = YES;
				ENABLE_TESTABILITY = YES;
				ENABLE_USER_SCRIPT_SANDBOXING = YES;
				GCC_C_LANGUAGE_STANDARD = gnu17;
				GCC_DYNAMIC_NO_PIC = NO;
				GCC_NO_COMMON_BLOCKS = YES;
				GCC_OPTIMIZATION_LEVEL = 0;
				GCC_PREPROCESSOR_DEFINITIONS = (
					"DEBUG=1",
					"$(inherited)",
				);
				GCC_WARN_64_TO_32_BIT_CONVERSION = YES;
				GCC_WARN_ABOUT_RETURN_TYPE = YES_ERROR;
				GCC_WARN_UNDECLARED_SELECTOR = YES;
				GCC_WARN_UNINITIALIZED_AUTOS = YES_AGGRESSIVE;
				GCC_WARN_UNUSED_FUNCTION = YES;
				GCC_WARN_UNUSED_VARIABLE = YES;
				LOCALIZATION_PREFERS_STRING_CATALOGS = YES;
				MTL_ENABLE_DEBUG_INFO = INCLUDE_SOURCE;
				MTL_FAST_MATH = YES;
				ONLY_ACTIVE_ARCH = YES;
				SWIFT_ACTIVE_COMPILATION_CONDITIONS = "DEBUG $(inherited)";
				SWIFT_OPTIMIZATION_LEVEL = "-Onone";
			};
			name = Debug;
		};
		EA7DFB3E2E779BD1008FBD3A /* Release */ = {
			isa = XCBuildConfiguration;
			buildSettings = {
				ALWAYS_SEARCH_USER_PATHS = NO;
				ASSETCATALOG_COMPILER_GENERATE_SWIFT_ASSET_SYMBOL_EXTENSIONS = YES;
				CLANG_ANALYZER_NONNULL = YES;
				CLANG_ANALYZER_NUMBER_OBJECT_CONVERSION = YES_AGGRESSIVE;
				CLANG_CXX_LANGUAGE_STANDARD = "gnu++20";
				CLANG_ENABLE_MODULES = YES;
				CLANG_ENABLE_OBJC_ARC = YES;
				CLANG_ENABLE_OBJC_WEAK = YES;
				CLANG_WARN_BLOCK_CAPTURE_AUTORELEASING = YES;
				CLANG_WARN_BOOL_CONVERSION = YES;
				CLANG_WARN_COMMA = YES;
				CLANG_WARN_CONSTANT_CONVERSION = YES;
				CLANG_WARN_DEPRECATED_OBJC_IMPLEMENTATIONS = YES;
				CLANG_WARN_DIRECT_OBJC_ISA_USAGE = YES_ERROR;
				CLANG_WARN_DOCUMENTATION_COMMENTS = YES;
				CLANG_WARN_EMPTY_BODY = YES;
				CLANG_WARN_ENUM_CONVERSION = YES;
				CLANG_WARN_INFINITE_RECURSION = YES;
				CLANG_WARN_INT_CONVERSION = YES;
				CLANG_WARN_NON_LITERAL_NULL_CONVERSION = YES;
				CLANG_WARN_OBJC_IMPLICIT_RETAIN_SELF = YES;
				CLANG_WARN_OBJC_LITERAL_CONVERSION = YES;
				CLANG_WARN_OBJC_ROOT_CLASS = YES_ERROR;
				CLANG_WARN_QUOTED_INCLUDE_IN_FRAMEWORK_HEADER = YES;
				CLANG_WARN_RANGE_LOOP_ANALYSIS = YES;
				CLANG_WARN_STRICT_PROTOTYPES = YES;
				CLANG_WARN_SUSPICIOUS_MOVE = YES;
				CLANG_WARN_UNGUARDED_AVAILABILITY = YES_AGGRESSIVE;
				CLANG_WARN_UNREACHABLE_CODE = YES;
				CLANG_WARN__DUPLICATE_METHOD_MATCH = YES;
				COPY_PHASE_STRIP = NO;
				DEBUG_INFORMATION_FORMAT = "dwarf-with-dsym";
				ENABLE_NS_ASSERTIONS = NO;
				ENABLE_STRICT_OBJC_MSGSEND = YES;
				ENABLE_USER_SCRIPT_SANDBOXING = YES;
				GCC_C_LANGUAGE_STANDARD = gnu17;
				GCC_NO_COMMON_BLOCKS = YES;
				GCC_WARN_64_TO_32_BIT_CONVERSION = YES;
				GCC_WARN_ABOUT_RETURN_TYPE = YES_ERROR;
				GCC_WARN_UNDECLARED_SELECTOR = YES;
				GCC_WARN_UNINITIALIZED_AUTOS = YES_AGGRESSIVE;
				GCC_WARN_UNUSED_FUNCTION = YES;
				GCC_WARN_UNUSED_VARIABLE = YES;
				LOCALIZATION_PREFERS_STRING_CATALOGS = YES;
				MTL_ENABLE_DEBUG_INFO = NO;
				MTL_FAST_MATH = YES;
				SWIFT_COMPILATION_MODE = wholemodule;
			};
			name = Release;
		};
		EA7DFB402E779BD1008FBD3A /* Debug */ = {
			isa = XCBuildConfiguration;
			buildSettings = {
				ASSETCATALOG_COMPILER_APPICON_NAME = AppIcon;
				ASSETCATALOG_COMPILER_GLOBAL_ACCENT_COLOR_NAME = AccentColor;
				CODE_SIGN_ENTITLEMENTS = SwiftiesApp/SwiftiesApp.entitlements;
				CODE_SIGN_STYLE = Automatic;
				CURRENT_PROJECT_VERSION = 1;
				DEVELOPMENT_ASSET_PATHS = "\"SwiftiesApp/Preview Content\"";
				DEVELOPMENT_TEAM = U29M6594W6;
				ENABLE_HARDENED_RUNTIME = YES;
				ENABLE_PREVIEWS = YES;
				GENERATE_INFOPLIST_FILE = YES;
				"INFOPLIST_KEY_UIApplicationSceneManifest_Generation[sdk=iphoneos*]" = YES;
				"INFOPLIST_KEY_UIApplicationSceneManifest_Generation[sdk=iphonesimulator*]" = YES;
				"INFOPLIST_KEY_UIApplicationSupportsIndirectInputEvents[sdk=iphoneos*]" = YES;
				"INFOPLIST_KEY_UIApplicationSupportsIndirectInputEvents[sdk=iphonesimulator*]" = YES;
				"INFOPLIST_KEY_UILaunchScreen_Generation[sdk=iphoneos*]" = YES;
				"INFOPLIST_KEY_UILaunchScreen_Generation[sdk=iphonesimulator*]" = YES;
				"INFOPLIST_KEY_UIStatusBarStyle[sdk=iphoneos*]" = UIStatusBarStyleDefault;
				"INFOPLIST_KEY_UIStatusBarStyle[sdk=iphonesimulator*]" = UIStatusBarStyleDefault;
				INFOPLIST_KEY_UISupportedInterfaceOrientations_iPad = "UIInterfaceOrientationPortrait UIInterfaceOrientationPortraitUpsideDown UIInterfaceOrientationLandscapeLeft UIInterfaceOrientationLandscapeRight";
				INFOPLIST_KEY_UISupportedInterfaceOrientations_iPhone = "UIInterfaceOrientationPortrait UIInterfaceOrientationLandscapeLeft UIInterfaceOrientationLandscapeRight";
				IPHONEOS_DEPLOYMENT_TARGET = 17.5;
				LD_RUNPATH_SEARCH_PATHS = "@executable_path/Frameworks";
				"LD_RUNPATH_SEARCH_PATHS[sdk=macosx*]" = "@executable_path/../Frameworks";
				MACOSX_DEPLOYMENT_TARGET = 14.3;
				MARKETING_VERSION = 1.0;
				PRODUCT_BUNDLE_IDENTIFIER = com.swiftiesgroup.SwiftiesApp;
				PRODUCT_NAME = "$(TARGET_NAME)";
				SDKROOT = auto;
				SUPPORTED_PLATFORMS = "iphoneos iphonesimulator macosx";
				SWIFT_EMIT_LOC_STRINGS = YES;
				SWIFT_VERSION = 5.0;
				TARGETED_DEVICE_FAMILY = "1,2";
			};
			name = Debug;
		};
		EA7DFB412E779BD1008FBD3A /* Release */ = {
			isa = XCBuildConfiguration;
			buildSettings = {
				ASSETCATALOG_COMPILER_APPICON_NAME = AppIcon;
				ASSETCATALOG_COMPILER_GLOBAL_ACCENT_COLOR_NAME = AccentColor;
				CODE_SIGN_ENTITLEMENTS = SwiftiesApp/SwiftiesApp.entitlements;
				CODE_SIGN_STYLE = Automatic;
				CURRENT_PROJECT_VERSION = 1;
				DEVELOPMENT_ASSET_PATHS = "\"SwiftiesApp/Preview Content\"";
				DEVELOPMENT_TEAM = U29M6594W6;
				ENABLE_HARDENED_RUNTIME = YES;
				ENABLE_PREVIEWS = YES;
				GENERATE_INFOPLIST_FILE = YES;
				"INFOPLIST_KEY_UIApplicationSceneManifest_Generation[sdk=iphoneos*]" = YES;
				"INFOPLIST_KEY_UIApplicationSceneManifest_Generation[sdk=iphonesimulator*]" = YES;
				"INFOPLIST_KEY_UIApplicationSupportsIndirectInputEvents[sdk=iphoneos*]" = YES;
				"INFOPLIST_KEY_UIApplicationSupportsIndirectInputEvents[sdk=iphonesimulator*]" = YES;
				"INFOPLIST_KEY_UILaunchScreen_Generation[sdk=iphoneos*]" = YES;
				"INFOPLIST_KEY_UILaunchScreen_Generation[sdk=iphonesimulator*]" = YES;
				"INFOPLIST_KEY_UIStatusBarStyle[sdk=iphoneos*]" = UIStatusBarStyleDefault;
				"INFOPLIST_KEY_UIStatusBarStyle[sdk=iphonesimulator*]" = UIStatusBarStyleDefault;
				INFOPLIST_KEY_UISupportedInterfaceOrientations_iPad = "UIInterfaceOrientationPortrait UIInterfaceOrientationPortraitUpsideDown UIInterfaceOrientationLandscapeLeft UIInterfaceOrientationLandscapeRight";
				INFOPLIST_KEY_UISupportedInterfaceOrientations_iPhone = "UIInterfaceOrientationPortrait UIInterfaceOrientationLandscapeLeft UIInterfaceOrientationLandscapeRight";
				IPHONEOS_DEPLOYMENT_TARGET = 17.5;
				LD_RUNPATH_SEARCH_PATHS = "@executable_path/Frameworks";
				"LD_RUNPATH_SEARCH_PATHS[sdk=macosx*]" = "@executable_path/../Frameworks";
				MACOSX_DEPLOYMENT_TARGET = 14.3;
				MARKETING_VERSION = 1.0;
				PRODUCT_BUNDLE_IDENTIFIER = com.swiftiesgroup.SwiftiesApp;
				PRODUCT_NAME = "$(TARGET_NAME)";
				SDKROOT = auto;
				SUPPORTED_PLATFORMS = "iphoneos iphonesimulator macosx";
				SWIFT_EMIT_LOC_STRINGS = YES;
				SWIFT_VERSION = 5.0;
				TARGETED_DEVICE_FAMILY = "1,2";
			};
			name = Release;
		};
		EA7DFB432E779BD1008FBD3A /* Debug */ = {
			isa = XCBuildConfiguration;
			buildSettings = {
				ALWAYS_EMBED_SWIFT_STANDARD_LIBRARIES = YES;
				BUNDLE_LOADER = "$(TEST_HOST)";
				CODE_SIGN_STYLE = Automatic;
				CURRENT_PROJECT_VERSION = 1;
				DEVELOPMENT_TEAM = Y2RSVM78BU;
				GENERATE_INFOPLIST_FILE = YES;
				IPHONEOS_DEPLOYMENT_TARGET = 17.5;
				MACOSX_DEPLOYMENT_TARGET = 14.3;
				MARKETING_VERSION = 1.0;
				PRODUCT_BUNDLE_IDENTIFIER = com.swiftiesgroup.SwiftiesAppTests;
				PRODUCT_NAME = "$(TARGET_NAME)";
				SDKROOT = auto;
				SUPPORTED_PLATFORMS = "iphoneos iphonesimulator macosx";
				SWIFT_EMIT_LOC_STRINGS = NO;
				SWIFT_VERSION = 5.0;
				TARGETED_DEVICE_FAMILY = "1,2";
				TEST_HOST = "$(BUILT_PRODUCTS_DIR)/SwiftiesApp.app/$(BUNDLE_EXECUTABLE_FOLDER_PATH)/SwiftiesApp";
			};
			name = Debug;
		};
		EA7DFB442E779BD1008FBD3A /* Release */ = {
			isa = XCBuildConfiguration;
			buildSettings = {
				ALWAYS_EMBED_SWIFT_STANDARD_LIBRARIES = YES;
				BUNDLE_LOADER = "$(TEST_HOST)";
				CODE_SIGN_STYLE = Automatic;
				CURRENT_PROJECT_VERSION = 1;
				DEVELOPMENT_TEAM = Y2RSVM78BU;
				GENERATE_INFOPLIST_FILE = YES;
				IPHONEOS_DEPLOYMENT_TARGET = 17.5;
				MACOSX_DEPLOYMENT_TARGET = 14.3;
				MARKETING_VERSION = 1.0;
				PRODUCT_BUNDLE_IDENTIFIER = com.swiftiesgroup.SwiftiesAppTests;
				PRODUCT_NAME = "$(TARGET_NAME)";
				SDKROOT = auto;
				SUPPORTED_PLATFORMS = "iphoneos iphonesimulator macosx";
				SWIFT_EMIT_LOC_STRINGS = NO;
				SWIFT_VERSION = 5.0;
				TARGETED_DEVICE_FAMILY = "1,2";
				TEST_HOST = "$(BUILT_PRODUCTS_DIR)/SwiftiesApp.app/$(BUNDLE_EXECUTABLE_FOLDER_PATH)/SwiftiesApp";
			};
			name = Release;
		};
		EA7DFB462E779BD1008FBD3A /* Debug */ = {
			isa = XCBuildConfiguration;
			buildSettings = {
				ALWAYS_EMBED_SWIFT_STANDARD_LIBRARIES = YES;
				CODE_SIGN_STYLE = Automatic;
				CURRENT_PROJECT_VERSION = 1;
				DEVELOPMENT_TEAM = Y2RSVM78BU;
				GENERATE_INFOPLIST_FILE = YES;
				IPHONEOS_DEPLOYMENT_TARGET = 17.5;
				MACOSX_DEPLOYMENT_TARGET = 14.3;
				MARKETING_VERSION = 1.0;
				PRODUCT_BUNDLE_IDENTIFIER = com.swiftiesgroup.SwiftiesAppUITests;
				PRODUCT_NAME = "$(TARGET_NAME)";
				SDKROOT = auto;
				SUPPORTED_PLATFORMS = "iphoneos iphonesimulator macosx";
				SWIFT_EMIT_LOC_STRINGS = NO;
				SWIFT_VERSION = 5.0;
				TARGETED_DEVICE_FAMILY = "1,2";
				TEST_TARGET_NAME = SwiftiesApp;
			};
			name = Debug;
		};
		EA7DFB472E779BD1008FBD3A /* Release */ = {
			isa = XCBuildConfiguration;
			buildSettings = {
				ALWAYS_EMBED_SWIFT_STANDARD_LIBRARIES = YES;
				CODE_SIGN_STYLE = Automatic;
				CURRENT_PROJECT_VERSION = 1;
				DEVELOPMENT_TEAM = Y2RSVM78BU;
				GENERATE_INFOPLIST_FILE = YES;
				IPHONEOS_DEPLOYMENT_TARGET = 17.5;
				MACOSX_DEPLOYMENT_TARGET = 14.3;
				MARKETING_VERSION = 1.0;
				PRODUCT_BUNDLE_IDENTIFIER = com.swiftiesgroup.SwiftiesAppUITests;
				PRODUCT_NAME = "$(TARGET_NAME)";
				SDKROOT = auto;
				SUPPORTED_PLATFORMS = "iphoneos iphonesimulator macosx";
				SWIFT_EMIT_LOC_STRINGS = NO;
				SWIFT_VERSION = 5.0;
				TARGETED_DEVICE_FAMILY = "1,2";
				TEST_TARGET_NAME = SwiftiesApp;
			};
			name = Release;
		};
/* End XCBuildConfiguration section */

/* Begin XCConfigurationList section */
		EA7DFB152E779BCF008FBD3A /* Build configuration list for PBXProject "SwiftiesApp" */ = {
			isa = XCConfigurationList;
			buildConfigurations = (
				EA7DFB3D2E779BD1008FBD3A /* Debug */,
				EA7DFB3E2E779BD1008FBD3A /* Release */,
			);
			defaultConfigurationIsVisible = 0;
			defaultConfigurationName = Release;
		};
		EA7DFB3F2E779BD1008FBD3A /* Build configuration list for PBXNativeTarget "SwiftiesApp" */ = {
			isa = XCConfigurationList;
			buildConfigurations = (
				EA7DFB402E779BD1008FBD3A /* Debug */,
				EA7DFB412E779BD1008FBD3A /* Release */,
			);
			defaultConfigurationIsVisible = 0;
			defaultConfigurationName = Release;
		};
		EA7DFB422E779BD1008FBD3A /* Build configuration list for PBXNativeTarget "SwiftiesAppTests" */ = {
			isa = XCConfigurationList;
			buildConfigurations = (
				EA7DFB432E779BD1008FBD3A /* Debug */,
				EA7DFB442E779BD1008FBD3A /* Release */,
			);
			defaultConfigurationIsVisible = 0;
			defaultConfigurationName = Release;
		};
		EA7DFB452E779BD1008FBD3A /* Build configuration list for PBXNativeTarget "SwiftiesAppUITests" */ = {
			isa = XCConfigurationList;
			buildConfigurations = (
				EA7DFB462E779BD1008FBD3A /* Debug */,
				EA7DFB472E779BD1008FBD3A /* Release */,
			);
			defaultConfigurationIsVisible = 0;
			defaultConfigurationName = Release;
		};
/* End XCConfigurationList section */
	};
	rootObject = EA7DFB122E779BCF008FBD3A /* Project object */;
}
